
Microsoft Visual Studio Solution File, Format Version 12.00
# Visual Studio 15
VisualStudioVersion = 15.0.27130.2020
MinimumVisualStudioVersion = 10.0.40219.1
Project("{FAE04EC0-301F-11D3-BF4B-00C04F79EFBC}") = "Nito.ProducerConsumerStream", "ProducerConsumerStream\Nito.ProducerConsumerStream.csproj", "{895F4BEE-FF65-44C8-8AB4-71AFAD81D78B}"
EndProject
Global
	GlobalSection(SolutionConfigurationPlatforms) = preSolution
		Debug|Any CPU = Debug|Any CPU
		Release|Any CPU = Release|Any CPU
	EndGlobalSection
	GlobalSection(ProjectConfigurationPlatforms) = postSolution
		{895F4BEE-FF65-44C8-8AB4-71AFAD81D78B}.Debug|Any CPU.ActiveCfg = Debug|Any CPU
		{895F4BEE-FF65-44C8-8AB4-71AFAD81D78B}.Debug|Any CPU.Build.0 = Debug|Any CPU
		{895F4BEE-FF65-44C8-8AB4-71AFAD81D78B}.Release|Any CPU.ActiveCfg = Release|Any CPU
		{895F4BEE-FF65-44C8-8AB4-71AFAD81D78B}.Release|Any CPU.Build.0 = Release|Any CPU
	EndGlobalSection
	GlobalSection(SolutionProperties) = preSolution
		HideSolutionNode = FALSE
	EndGlobalSection
	GlobalSection(ExtensibilityGlobals) = postSolution
		SolutionGuid = {825B5F53-E2F3-437D-A79E-836EC8ACBA82}
	EndGlobalSection
EndGlobal
